
Microsoft Visual Studio Solution File, Format Version 12.00
# Visual Studio Version 17
VisualStudioVersion = 17.3.32825.248
MinimumVisualStudioVersion = 10.0.40219.1
Project("{9A19103F-16F7-4668-BE54-9A1E7A4F7556}") = "ProductsManager", "ProductsManager\ProductsManager.csproj", "{86800682-0541-4A54-B6A1-29E0DBAA1B0A}"
EndProject
Project("{2150E333-8FDC-42A3-9474-1A3956D46DE8}") = "Tests", "Tests", "{7DDB370A-EA5D-4FF0-9113-FCAC609BF074}"
EndProject
Global
	GlobalSection(SolutionConfigurationPlatforms) = preSolution
		Debug|Any CPU = Debug|Any CPU
		Release|Any CPU = Release|Any CPU
	EndGlobalSection
	GlobalSection(ProjectConfigurationPlatforms) = postSolution
		{86800682-0541-4A54-B6A1-29E0DBAA1B0A}.Debug|Any CPU.ActiveCfg = Debug|Any CPU
		{86800682-0541-4A54-B6A1-29E0DBAA1B0A}.Debug|Any CPU.Build.0 = Debug|Any CPU
		{86800682-0541-4A54-B6A1-29E0DBAA1B0A}.Release|Any CPU.ActiveCfg = Release|Any CPU
		{86800682-0541-4A54-B6A1-29E0DBAA1B0A}.Release|Any CPU.Build.0 = Release|Any CPU
	EndGlobalSection
	GlobalSection(SolutionProperties) = preSolution
		HideSolutionNode = FALSE
	EndGlobalSection
	GlobalSection(ExtensibilityGlobals) = postSolution
		SolutionGuid = {5DA6001A-CA60-4CE1-8AF2-A709B10807EA}
	EndGlobalSection
EndGlobal
